// !$*UTF8*$!
{
	archiveVersion = 1;
	classes = {
	};
	objectVersion = 48;
	objects = {

/* Begin PBXBuildFile section */
		F4225E761FF9D5CE006F4AB9 /* AppDelegate.swift in Sources */ = {isa = PBXBuildFile; fileRef = F4225E751FF9D5CE006F4AB9 /* AppDelegate.swift */; };
		F4225E7B1FF9D5CE006F4AB9 /* Main.storyboard in Resources */ = {isa = PBXBuildFile; fileRef = F4225E791FF9D5CE006F4AB9 /* Main.storyboard */; };
		F4225E7D1FF9D5CE006F4AB9 /* Assets.xcassets in Resources */ = {isa = PBXBuildFile; fileRef = F4225E7C1FF9D5CE006F4AB9 /* Assets.xcassets */; };
		F4225E801FF9D5CE006F4AB9 /* LaunchScreen.storyboard in Resources */ = {isa = PBXBuildFile; fileRef = F4225E7E1FF9D5CE006F4AB9 /* LaunchScreen.storyboard */; };
		F43446661FFBB93800F8969A /* UserListViewController.swift in Sources */ = {isa = PBXBuildFile; fileRef = F43446651FFBB93800F8969A /* UserListViewController.swift */; };
		F43446681FFBBB0100F8969A /* UserTabBarController.swift in Sources */ = {isa = PBXBuildFile; fileRef = F43446671FFBBB0100F8969A /* UserTabBarController.swift */; };
		F43C2CC01FFB47CE000BDB1A /* UserMapViewController.swift in Sources */ = {isa = PBXBuildFile; fileRef = F43C2CBF1FFB47CE000BDB1A /* UserMapViewController.swift */; };
		F4A3A18B1FFC865A00EE172D /* InputToPostLocationViewController.swift in Sources */ = {isa = PBXBuildFile; fileRef = F4A3A18A1FFC865A00EE172D /* InputToPostLocationViewController.swift */; };
		F4A3A18D1FFC95EB00EE172D /* TabItemViewController.swift in Sources */ = {isa = PBXBuildFile; fileRef = F4A3A18C1FFC95EB00EE172D /* TabItemViewController.swift */; };
		F4A3A18F1FFCC47800EE172D /* PostLocationViewController.swift in Sources */ = {isa = PBXBuildFile; fileRef = F4A3A18E1FFCC47800EE172D /* PostLocationViewController.swift */; };
		F4B768861FFB747400A78A98 /* UserPin.swift in Sources */ = {isa = PBXBuildFile; fileRef = F4B768851FFB747400A78A98 /* UserPin.swift */; };
		F4B768881FFB7AC200A78A98 /* ParseClient.swift in Sources */ = {isa = PBXBuildFile; fileRef = F4B768871FFB7AC200A78A98 /* ParseClient.swift */; };
		F4B7688A1FFB7B4300A78A98 /* ParseContants.swift in Sources */ = {isa = PBXBuildFile; fileRef = F4B768891FFB7B4300A78A98 /* ParseContants.swift */; };
		F4C4AC541FFB0A4C00FD29F0 /* Reachability.swift in Sources */ = {isa = PBXBuildFile; fileRef = F4C4AC531FFB0A4C00FD29F0 /* Reachability.swift */; };
		F4CAC4681FFC5E6200BEDB50 /* UIViewController+extentions.swift in Sources */ = {isa = PBXBuildFile; fileRef = F4CAC4671FFC5E6200BEDB50 /* UIViewController+extentions.swift */; };
		F4CD2CD71FFCF387002F7791 /* UdacityClient.swift in Sources */ = {isa = PBXBuildFile; fileRef = F4CD2CD61FFCF387002F7791 /* UdacityClient.swift */; };
		F4CD2CD91FFCFC6F002F7791 /* UdacityContants.swift in Sources */ = {isa = PBXBuildFile; fileRef = F4CD2CD81FFCFC6F002F7791 /* UdacityContants.swift */; };
		F4CD2CDB1FFD25BA002F7791 /* PublicUserInfo.swift in Sources */ = {isa = PBXBuildFile; fileRef = F4CD2CDA1FFD25BA002F7791 /* PublicUserInfo.swift */; };
		F4CD2CDD1FFD2713002F7791 /* UserLocation.swift in Sources */ = {isa = PBXBuildFile; fileRef = F4CD2CDC1FFD2713002F7791 /* UserLocation.swift */; };
		F4E2111C1FFBCE1400728A32 /* UserLoginViewController.swift in Sources */ = {isa = PBXBuildFile; fileRef = F4E2111B1FFBCE1400728A32 /* UserLoginViewController.swift */; };
/* End PBXBuildFile section */

/* Begin PBXFileReference section */
		F4225E721FF9D5CE006F4AB9 /* On the Map.app */ = {isa = PBXFileReference; explicitFileType = wrapper.application; includeInIndex = 0; path = "On the Map.app"; sourceTree = BUILT_PRODUCTS_DIR; };
		F4225E751FF9D5CE006F4AB9 /* AppDelegate.swift */ = {isa = PBXFileReference; lastKnownFileType = sourcecode.swift; path = AppDelegate.swift; sourceTree = "<group>"; };
		F4225E7A1FF9D5CE006F4AB9 /* Base */ = {isa = PBXFileReference; lastKnownFileType = file.storyboard; name = Base; path = Base.lproj/Main.storyboard; sourceTree = "<group>"; };
		F4225E7C1FF9D5CE006F4AB9 /* Assets.xcassets */ = {isa = PBXFileReference; lastKnownFileType = folder.assetcatalog; path = Assets.xcassets; sourceTree = "<group>"; };
		F4225E7F1FF9D5CE006F4AB9 /* Base */ = {isa = PBXFileReference; lastKnownFileType = file.storyboard; name = Base; path = Base.lproj/LaunchScreen.storyboard; sourceTree = "<group>"; };
		F4225E811FF9D5CE006F4AB9 /* Info.plist */ = {isa = PBXFileReference; lastKnownFileType = text.plist.xml; path = Info.plist; sourceTree = "<group>"; };
		F43446651FFBB93800F8969A /* UserListViewController.swift */ = {isa = PBXFileReference; lastKnownFileType = sourcecode.swift; path = UserListViewController.swift; sourceTree = "<group>"; };
		F43446671FFBBB0100F8969A /* UserTabBarController.swift */ = {isa = PBXFileReference; lastKnownFileType = sourcecode.swift; path = UserTabBarController.swift; sourceTree = "<group>"; };
		F43C2CBF1FFB47CE000BDB1A /* UserMapViewController.swift */ = {isa = PBXFileReference; lastKnownFileType = sourcecode.swift; path = UserMapViewController.swift; sourceTree = "<group>"; };
		F4A3A18A1FFC865A00EE172D /* InputToPostLocationViewController.swift */ = {isa = PBXFileReference; lastKnownFileType = sourcecode.swift; path = InputToPostLocationViewController.swift; sourceTree = "<group>"; };
		F4A3A18C1FFC95EB00EE172D /* TabItemViewController.swift */ = {isa = PBXFileReference; lastKnownFileType = sourcecode.swift; path = TabItemViewController.swift; sourceTree = "<group>"; };
		F4A3A18E1FFCC47800EE172D /* PostLocationViewController.swift */ = {isa = PBXFileReference; lastKnownFileType = sourcecode.swift; path = PostLocationViewController.swift; sourceTree = "<group>"; };
		F4B768851FFB747400A78A98 /* UserPin.swift */ = {isa = PBXFileReference; lastKnownFileType = sourcecode.swift; path = UserPin.swift; sourceTree = "<group>"; };
		F4B768871FFB7AC200A78A98 /* ParseClient.swift */ = {isa = PBXFileReference; lastKnownFileType = sourcecode.swift; path = ParseClient.swift; sourceTree = "<group>"; };
		F4B768891FFB7B4300A78A98 /* ParseContants.swift */ = {isa = PBXFileReference; lastKnownFileType = sourcecode.swift; path = ParseContants.swift; sourceTree = "<group>"; };
		F4C4AC531FFB0A4C00FD29F0 /* Reachability.swift */ = {isa = PBXFileReference; lastKnownFileType = sourcecode.swift; path = Reachability.swift; sourceTree = "<group>"; };
		F4CAC4671FFC5E6200BEDB50 /* UIViewController+extentions.swift */ = {isa = PBXFileReference; lastKnownFileType = sourcecode.swift; path = "UIViewController+extentions.swift"; sourceTree = "<group>"; };
		F4CD2CD61FFCF387002F7791 /* UdacityClient.swift */ = {isa = PBXFileReference; lastKnownFileType = sourcecode.swift; path = UdacityClient.swift; sourceTree = "<group>"; };
		F4CD2CD81FFCFC6F002F7791 /* UdacityContants.swift */ = {isa = PBXFileReference; lastKnownFileType = sourcecode.swift; path = UdacityContants.swift; sourceTree = "<group>"; };
		F4CD2CDA1FFD25BA002F7791 /* PublicUserInfo.swift */ = {isa = PBXFileReference; lastKnownFileType = sourcecode.swift; path = PublicUserInfo.swift; sourceTree = "<group>"; };
		F4CD2CDC1FFD2713002F7791 /* UserLocation.swift */ = {isa = PBXFileReference; lastKnownFileType = sourcecode.swift; path = UserLocation.swift; sourceTree = "<group>"; };
		F4E2111B1FFBCE1400728A32 /* UserLoginViewController.swift */ = {isa = PBXFileReference; fileEncoding = 4; lastKnownFileType = sourcecode.swift; path = UserLoginViewController.swift; sourceTree = "<group>"; };
/* End PBXFileReference section */

/* Begin PBXFrameworksBuildPhase section */
		F4225E6F1FF9D5CE006F4AB9 /* Frameworks */ = {
			isa = PBXFrameworksBuildPhase;
			buildActionMask = 2147483647;
			files = (
			);
			runOnlyForDeploymentPostprocessing = 0;
		};
/* End PBXFrameworksBuildPhase section */

/* Begin PBXGroup section */
		F4225E691FF9D5CE006F4AB9 = {
			isa = PBXGroup;
			children = (
				F4225E741FF9D5CE006F4AB9 /* On the Map */,
				F4225E731FF9D5CE006F4AB9 /* Products */,
			);
			sourceTree = "<group>";
		};
		F4225E731FF9D5CE006F4AB9 /* Products */ = {
			isa = PBXGroup;
			children = (
				F4225E721FF9D5CE006F4AB9 /* On the Map.app */,
			);
			name = Products;
			sourceTree = "<group>";
		};
		F4225E741FF9D5CE006F4AB9 /* On the Map */ = {
			isa = PBXGroup;
			children = (
				F4B768831FFB730900A78A98 /* Model */,
				F4225E751FF9D5CE006F4AB9 /* AppDelegate.swift */,
				F4C4AC531FFB0A4C00FD29F0 /* Reachability.swift */,
				F4E7B50F1FFE7D0000CC8D6E /* ViewController */,
				F4225E7C1FF9D5CE006F4AB9 /* Assets.xcassets */,
				F4225E791FF9D5CE006F4AB9 /* Main.storyboard */,
				F4225E7E1FF9D5CE006F4AB9 /* LaunchScreen.storyboard */,
				F4225E811FF9D5CE006F4AB9 /* Info.plist */,
			);
			path = "On the Map";
			sourceTree = "<group>";
		};
		F4B768821FFB72DD00A78A98 /* Clients */ = {
			isa = PBXGroup;
			children = (
				F4CD2CD51FFCF35E002F7791 /* Udacity */,
				F4B768841FFB733600A78A98 /* Parse */,
			);
			path = Clients;
			sourceTree = "<group>";
		};
		F4B768831FFB730900A78A98 /* Model */ = {
			isa = PBXGroup;
			children = (
				F4B768821FFB72DD00A78A98 /* Clients */,
			);
			path = Model;
			sourceTree = "<group>";
		};
		F4B768841FFB733600A78A98 /* Parse */ = {
			isa = PBXGroup;
			children = (
				F4B768851FFB747400A78A98 /* UserPin.swift */,
				F4CD2CDC1FFD2713002F7791 /* UserLocation.swift */,
				F4B768871FFB7AC200A78A98 /* ParseClient.swift */,
				F4B768891FFB7B4300A78A98 /* ParseContants.swift */,
			);
			path = Parse;
			sourceTree = "<group>";
		};
		F4CD2CD51FFCF35E002F7791 /* Udacity */ = {
			isa = PBXGroup;
			children = (
				F4CD2CD61FFCF387002F7791 /* UdacityClient.swift */,
				F4CD2CD81FFCFC6F002F7791 /* UdacityContants.swift */,
				F4CD2CDA1FFD25BA002F7791 /* PublicUserInfo.swift */,
			);
			path = Udacity;
			sourceTree = "<group>";
		};
		F4E7B50F1FFE7D0000CC8D6E /* ViewController */ = {
			isa = PBXGroup;
			children = (
				F4E2111B1FFBCE1400728A32 /* UserLoginViewController.swift */,
				F43446671FFBBB0100F8969A /* UserTabBarController.swift */,
				F4A3A18C1FFC95EB00EE172D /* TabItemViewController.swift */,
				F43C2CBF1FFB47CE000BDB1A /* UserMapViewController.swift */,
				F43446651FFBB93800F8969A /* UserListViewController.swift */,
				F4A3A18A1FFC865A00EE172D /* InputToPostLocationViewController.swift */,
				F4A3A18E1FFCC47800EE172D /* PostLocationViewController.swift */,
				F4CAC4671FFC5E6200BEDB50 /* UIViewController+extentions.swift */,
			);
			path = ViewController;
			sourceTree = "<group>";
		};
/* End PBXGroup section */

/* Begin PBXNativeTarget section */
		F4225E711FF9D5CE006F4AB9 /* On the Map */ = {
			isa = PBXNativeTarget;
			buildConfigurationList = F4225E841FF9D5CE006F4AB9 /* Build configuration list for PBXNativeTarget "On the Map" */;
			buildPhases = (
				F4225E6E1FF9D5CE006F4AB9 /* Sources */,
				F4225E6F1FF9D5CE006F4AB9 /* Frameworks */,
				F4225E701FF9D5CE006F4AB9 /* Resources */,
			);
			buildRules = (
			);
			dependencies = (
			);
			name = "On the Map";
			productName = "On the Map";
			productReference = F4225E721FF9D5CE006F4AB9 /* On the Map.app */;
			productType = "com.apple.product-type.application";
		};
/* End PBXNativeTarget section */

/* Begin PBXProject section */
		F4225E6A1FF9D5CE006F4AB9 /* Project object */ = {
			isa = PBXProject;
			attributes = {
				LastSwiftUpdateCheck = 0910;
				LastUpgradeCheck = 0910;
				ORGANIZATIONNAME = "Cong Doan";
				TargetAttributes = {
					F4225E711FF9D5CE006F4AB9 = {
						CreatedOnToolsVersion = 9.1;
						ProvisioningStyle = Automatic;
					};
				};
			};
			buildConfigurationList = F4225E6D1FF9D5CE006F4AB9 /* Build configuration list for PBXProject "On the Map" */;
			compatibilityVersion = "Xcode 8.0";
			developmentRegion = en;
			hasScannedForEncodings = 0;
			knownRegions = (
				en,
				Base,
			);
			mainGroup = F4225E691FF9D5CE006F4AB9;
			productRefGroup = F4225E731FF9D5CE006F4AB9 /* Products */;
			projectDirPath = "";
			projectRoot = "";
			targets = (
				F4225E711FF9D5CE006F4AB9 /* On the Map */,
			);
		};
/* End PBXProject section */

/* Begin PBXResourcesBuildPhase section */
		F4225E701FF9D5CE006F4AB9 /* Resources */ = {
			isa = PBXResourcesBuildPhase;
			buildActionMask = 2147483647;
			files = (
				F4225E801FF9D5CE006F4AB9 /* LaunchScreen.storyboard in Resources */,
				F4225E7D1FF9D5CE006F4AB9 /* Assets.xcassets in Resources */,
				F4225E7B1FF9D5CE006F4AB9 /* Main.storyboard in Resources */,
			);
			runOnlyForDeploymentPostprocessing = 0;
		};
/* End PBXResourcesBuildPhase section */

/* Begin PBXSourcesBuildPhase section */
		F4225E6E1FF9D5CE006F4AB9 /* Sources */ = {
			isa = PBXSourcesBuildPhase;
			buildActionMask = 2147483647;
			files = (
				F4A3A18F1FFCC47800EE172D /* PostLocationViewController.swift in Sources */,
				F43446681FFBBB0100F8969A /* UserTabBarController.swift in Sources */,
				F4CAC4681FFC5E6200BEDB50 /* UIViewController+extentions.swift in Sources */,
				F4E2111C1FFBCE1400728A32 /* UserLoginViewController.swift in Sources */,
				F4A3A18D1FFC95EB00EE172D /* TabItemViewController.swift in Sources */,
				F4CD2CDD1FFD2713002F7791 /* UserLocation.swift in Sources */,
				F4B768881FFB7AC200A78A98 /* ParseClient.swift in Sources */,
				F4225E761FF9D5CE006F4AB9 /* AppDelegate.swift in Sources */,
				F4C4AC541FFB0A4C00FD29F0 /* Reachability.swift in Sources */,
				F43446661FFBB93800F8969A /* UserListViewController.swift in Sources */,
				F4CD2CDB1FFD25BA002F7791 /* PublicUserInfo.swift in Sources */,
				F4A3A18B1FFC865A00EE172D /* InputToPostLocationViewController.swift in Sources */,
				F4B768861FFB747400A78A98 /* UserPin.swift in Sources */,
				F43C2CC01FFB47CE000BDB1A /* UserMapViewController.swift in Sources */,
				F4CD2CD71FFCF387002F7791 /* UdacityClient.swift in Sources */,
				F4CD2CD91FFCFC6F002F7791 /* UdacityContants.swift in Sources */,
				F4B7688A1FFB7B4300A78A98 /* ParseContants.swift in Sources */,
			);
			runOnlyForDeploymentPostprocessing = 0;
		};
/* End PBXSourcesBuildPhase section */

/* Begin PBXVariantGroup section */
		F4225E791FF9D5CE006F4AB9 /* Main.storyboard */ = {
			isa = PBXVariantGroup;
			children = (
				F4225E7A1FF9D5CE006F4AB9 /* Base */,
			);
			name = Main.storyboard;
			sourceTree = "<group>";
		};
		F4225E7E1FF9D5CE006F4AB9 /* LaunchScreen.storyboard */ = {
			isa = PBXVariantGroup;
			children = (
				F4225E7F1FF9D5CE006F4AB9 /* Base */,
			);
			name = LaunchScreen.storyboard;
			sourceTree = "<group>";
		};
/* End PBXVariantGroup section */

/* Begin XCBuildConfiguration section */
		F4225E821FF9D5CE006F4AB9 /* Debug */ = {
			isa = XCBuildConfiguration;
			buildSettings = {
				ALWAYS_SEARCH_USER_PATHS = NO;
				CLANG_ANALYZER_NONNULL = YES;
				CLANG_ANALYZER_NUMBER_OBJECT_CONVERSION = YES_AGGRESSIVE;
				CLANG_CXX_LANGUAGE_STANDARD = "gnu++14";
				CLANG_CXX_LIBRARY = "libc++";
				CLANG_ENABLE_MODULES = YES;
				CLANG_ENABLE_OBJC_ARC = YES;
				CLANG_WARN_BLOCK_CAPTURE_AUTORELEASING = YES;
				CLANG_WARN_BOOL_CONVERSION = YES;
				CLANG_WARN_COMMA = YES;
				CLANG_WARN_CONSTANT_CONVERSION = YES;
				CLANG_WARN_DIRECT_OBJC_ISA_USAGE = YES_ERROR;
				CLANG_WARN_DOCUMENTATION_COMMENTS = YES;
				CLANG_WARN_EMPTY_BODY = YES;
				CLANG_WARN_ENUM_CONVERSION = YES;
				CLANG_WARN_INFINITE_RECURSION = YES;
				CLANG_WARN_INT_CONVERSION = YES;
				CLANG_WARN_NON_LITERAL_NULL_CONVERSION = YES;
				CLANG_WARN_OBJC_LITERAL_CONVERSION = YES;
				CLANG_WARN_OBJC_ROOT_CLASS = YES_ERROR;
				CLANG_WARN_RANGE_LOOP_ANALYSIS = YES;
				CLANG_WARN_STRICT_PROTOTYPES = YES;
				CLANG_WARN_SUSPICIOUS_MOVE = YES;
				CLANG_WARN_UNGUARDED_AVAILABILITY = YES_AGGRESSIVE;
				CLANG_WARN_UNREACHABLE_CODE = YES;
				CLANG_WARN__DUPLICATE_METHOD_MATCH = YES;
				CODE_SIGN_IDENTITY = "iPhone Developer";
				COPY_PHASE_STRIP = NO;
				DEBUG_INFORMATION_FORMAT = dwarf;
				ENABLE_STRICT_OBJC_MSGSEND = YES;
				ENABLE_TESTABILITY = YES;
				GCC_C_LANGUAGE_STANDARD = gnu11;
				GCC_DYNAMIC_NO_PIC = NO;
				GCC_NO_COMMON_BLOCKS = YES;
				GCC_OPTIMIZATION_LEVEL = 0;
				GCC_PREPROCESSOR_DEFINITIONS = (
					"DEBUG=1",
					"$(inherited)",
				);
				GCC_WARN_64_TO_32_BIT_CONVERSION = YES;
				GCC_WARN_ABOUT_RETURN_TYPE = YES_ERROR;
				GCC_WARN_UNDECLARED_SELECTOR = YES;
				GCC_WARN_UNINITIALIZED_AUTOS = YES_AGGRESSIVE;
				GCC_WARN_UNUSED_FUNCTION = YES;
				GCC_WARN_UNUSED_VARIABLE = YES;
				IPHONEOS_DEPLOYMENT_TARGET = 11.1;
				MTL_ENABLE_DEBUG_INFO = YES;
				ONLY_ACTIVE_ARCH = YES;
				SDKROOT = iphoneos;
				SWIFT_ACTIVE_COMPILATION_CONDITIONS = DEBUG;
				SWIFT_OPTIMIZATION_LEVEL = "-Onone";
			};
			name = Debug;
		};
		F4225E831FF9D5CE006F4AB9 /* Release */ = {
			isa = XCBuildConfiguration;
			buildSettings = {
				ALWAYS_SEARCH_USER_PATHS = NO;
				CLANG_ANALYZER_NONNULL = YES;
				CLANG_ANALYZER_NUMBER_OBJECT_CONVERSION = YES_AGGRESSIVE;
				CLANG_CXX_LANGUAGE_STANDARD = "gnu++14";
				CLANG_CXX_LIBRARY = "libc++";
				CLANG_ENABLE_MODULES = YES;
				CLANG_ENABLE_OBJC_ARC = YES;
				CLANG_WARN_BLOCK_CAPTURE_AUTORELEASING = YES;
				CLANG_WARN_BOOL_CONVERSION = YES;
				CLANG_WARN_COMMA = YES;
				CLANG_WARN_CONSTANT_CONVERSION = YES;
				CLANG_WARN_DIRECT_OBJC_ISA_USAGE = YES_ERROR;
				CLANG_WARN_DOCUMENTATION_COMMENTS = YES;
				CLANG_WARN_EMPTY_BODY = YES;
				CLANG_WARN_ENUM_CONVERSION = YES;
				CLANG_WARN_INFINITE_RECURSION = YES;
				CLANG_WARN_INT_CONVERSION = YES;
				CLANG_WARN_NON_LITERAL_NULL_CONVERSION = YES;
				CLANG_WARN_OBJC_LITERAL_CONVERSION = YES;
				CLANG_WARN_OBJC_ROOT_CLASS = YES_ERROR;
				CLANG_WARN_RANGE_LOOP_ANALYSIS = YES;
				CLANG_WARN_STRICT_PROTOTYPES = YES;
				CLANG_WARN_SUSPICIOUS_MOVE = YES;
				CLANG_WARN_UNGUARDED_AVAILABILITY = YES_AGGRESSIVE;
				CLANG_WARN_UNREACHABLE_CODE = YES;
				CLANG_WARN__DUPLICATE_METHOD_MATCH = YES;
				CODE_SIGN_IDENTITY = "iPhone Developer";
				COPY_PHASE_STRIP = NO;
				DEBUG_INFORMATION_FORMAT = "dwarf-with-dsym";
				ENABLE_NS_ASSERTIONS = NO;
				ENABLE_STRICT_OBJC_MSGSEND = YES;
				GCC_C_LANGUAGE_STANDARD = gnu11;
				GCC_NO_COMMON_BLOCKS = YES;
				GCC_WARN_64_TO_32_BIT_CONVERSION = YES;
				GCC_WARN_ABOUT_RETURN_TYPE = YES_ERROR;
				GCC_WARN_UNDECLARED_SELECTOR = YES;
				GCC_WARN_UNINITIALIZED_AUTOS = YES_AGGRESSIVE;
				GCC_WARN_UNUSED_FUNCTION = YES;
				GCC_WARN_UNUSED_VARIABLE = YES;
				IPHONEOS_DEPLOYMENT_TARGET = 11.1;
				MTL_ENABLE_DEBUG_INFO = NO;
				SDKROOT = iphoneos;
				SWIFT_OPTIMIZATION_LEVEL = "-Owholemodule";
				VALIDATE_PRODUCT = YES;
			};
			name = Release;
		};
		F4225E851FF9D5CE006F4AB9 /* Debug */ = {
			isa = XCBuildConfiguration;
			buildSettings = {
				ASSETCATALOG_COMPILER_APPICON_NAME = AppIcon;
				"CODE_SIGN_IDENTITY[sdk=iphoneos*]" = "iPhone Developer";
				CODE_SIGN_STYLE = Automatic;
				DEVELOPMENT_TEAM = "";
				INFOPLIST_FILE = "On the Map/Info.plist";
				IPHONEOS_DEPLOYMENT_TARGET = 11.1;
				LD_RUNPATH_SEARCH_PATHS = "$(inherited) @executable_path/Frameworks";
				PRODUCT_BUNDLE_IDENTIFIER = "cdoan.On-the-Map";
				PRODUCT_NAME = "$(TARGET_NAME)";
				PROVISIONING_PROFILE_SPECIFIER = "";
				SWIFT_VERSION = 4.0;
				TARGETED_DEVICE_FAMILY = "1,2";
			};
			name = Debug;
		};
		F4225E861FF9D5CE006F4AB9 /* Release */ = {
			isa = XCBuildConfiguration;
			buildSettings = {
				ASSETCATALOG_COMPILER_APPICON_NAME = AppIcon;
				"CODE_SIGN_IDENTITY[sdk=iphoneos*]" = "iPhone Developer";
				CODE_SIGN_STYLE = Automatic;
				DEVELOPMENT_TEAM = "";
				INFOPLIST_FILE = "On the Map/Info.plist";
				IPHONEOS_DEPLOYMENT_TARGET = 11.1;
				LD_RUNPATH_SEARCH_PATHS = "$(inherited) @executable_path/Frameworks";
				PRODUCT_BUNDLE_IDENTIFIER = "cdoan.On-the-Map";
				PRODUCT_NAME = "$(TARGET_NAME)";
				PROVISIONING_PROFILE_SPECIFIER = "";
				SWIFT_VERSION = 4.0;
				TARGETED_DEVICE_FAMILY = "1,2";
			};
			name = Release;
		};
/* End XCBuildConfiguration section */

/* Begin XCConfigurationList section */
		F4225E6D1FF9D5CE006F4AB9 /* Build configuration list for PBXProject "On the Map" */ = {
			isa = XCConfigurationList;
			buildConfigurations = (
				F4225E821FF9D5CE006F4AB9 /* Debug */,
				F4225E831FF9D5CE006F4AB9 /* Release */,
			);
			defaultConfigurationIsVisible = 0;
			defaultConfigurationName = Release;
		};
		F4225E841FF9D5CE006F4AB9 /* Build configuration list for PBXNativeTarget "On the Map" */ = {
			isa = XCConfigurationList;
			buildConfigurations = (
				F4225E851FF9D5CE006F4AB9 /* Debug */,
				F4225E861FF9D5CE006F4AB9 /* Release */,
			);
			defaultConfigurationIsVisible = 0;
			defaultConfigurationName = Release;
		};
/* End XCConfigurationList section */
	};
	rootObject = F4225E6A1FF9D5CE006F4AB9 /* Project object */;
}
